
Microsoft Visual Studio Solution File, Format Version 12.00
# Visual Studio Version 17
VisualStudioVersion = 17.5.33530.505
MinimumVisualStudioVersion = 10.0.40219.1
Project("{8BC9CEB8-8B4A-11D0-8D11-00A0C91BC942}") = "템플릿01", "템플릿01\템플릿01.vcxproj", "{56560D6E-BCFA-46D9-A523-58E220E83AAB}"
EndProject
Global
	GlobalSection(SolutionConfigurationPlatforms) = preSolution
		Debug|x64 = Debug|x64
		Debug|x86 = Debug|x86
		Release|x64 = Release|x64
		Release|x86 = Release|x86
	EndGlobalSection
	GlobalSection(ProjectConfigurationPlatforms) = postSolution
		{56560D6E-BCFA-46D9-A523-58E220E83AAB}.Debug|x64.ActiveCfg = Debug|x64
		{56560D6E-BCFA-46D9-A523-58E220E83AAB}.Debug|x64.Build.0 = Debug|x64
		{56560D6E-BCFA-46D9-A523-58E220E83AAB}.Debug|x86.ActiveCfg = Debug|Win32
		{56560D6E-BCFA-46D9-A523-58E220E83AAB}.Debug|x86.Build.0 = Debug|Win32
		{56560D6E-BCFA-46D9-A523-58E220E83AAB}.Release|x64.ActiveCfg = Release|x64
		{56560D6E-BCFA-46D9-A523-58E220E83AAB}.Release|x64.Build.0 = Release|x64
		{56560D6E-BCFA-46D9-A523-58E220E83AAB}.Release|x86.ActiveCfg = Release|Win32
		{56560D6E-BCFA-46D9-A523-58E220E83AAB}.Release|x86.Build.0 = Release|Win32
	EndGlobalSection
	GlobalSection(SolutionProperties) = preSolution
		HideSolutionNode = FALSE
	EndGlobalSection
	GlobalSection(ExtensibilityGlobals) = postSolution
		SolutionGuid = {B4AA8C19-EC9A-4438-BE2E-4ED01E7A01A6}
	EndGlobalSection
EndGlobal
