
Microsoft Visual Studio Solution File, Format Version 12.00
# Visual Studio Version 17
VisualStudioVersion = 17.5.33502.453
MinimumVisualStudioVersion = 10.0.40219.1
Project("{8BC9CEB8-8B4A-11D0-8D11-00A0C91BC942}") = "최적의 유리수구하는 프로그램", "최적의 유리수구하는 프로그램\최적의 유리수구하는 프로그램.vcxproj", "{E9CBEDA9-EC2A-4803-9F77-AAE0EC458935}"
EndProject
Global
	GlobalSection(SolutionConfigurationPlatforms) = preSolution
		Debug|x64 = Debug|x64
		Debug|x86 = Debug|x86
		Release|x64 = Release|x64
		Release|x86 = Release|x86
	EndGlobalSection
	GlobalSection(ProjectConfigurationPlatforms) = postSolution
		{E9CBEDA9-EC2A-4803-9F77-AAE0EC458935}.Debug|x64.ActiveCfg = Debug|x64
		{E9CBEDA9-EC2A-4803-9F77-AAE0EC458935}.Debug|x64.Build.0 = Debug|x64
		{E9CBEDA9-EC2A-4803-9F77-AAE0EC458935}.Debug|x86.ActiveCfg = Debug|Win32
		{E9CBEDA9-EC2A-4803-9F77-AAE0EC458935}.Debug|x86.Build.0 = Debug|Win32
		{E9CBEDA9-EC2A-4803-9F77-AAE0EC458935}.Release|x64.ActiveCfg = Release|x64
		{E9CBEDA9-EC2A-4803-9F77-AAE0EC458935}.Release|x64.Build.0 = Release|x64
		{E9CBEDA9-EC2A-4803-9F77-AAE0EC458935}.Release|x86.ActiveCfg = Release|Win32
		{E9CBEDA9-EC2A-4803-9F77-AAE0EC458935}.Release|x86.Build.0 = Release|Win32
	EndGlobalSection
	GlobalSection(SolutionProperties) = preSolution
		HideSolutionNode = FALSE
	EndGlobalSection
	GlobalSection(ExtensibilityGlobals) = postSolution
		SolutionGuid = {EA4AF607-1F6B-42DD-8139-0EF9BD4D63DD}
	EndGlobalSection
EndGlobal
