
Microsoft Visual Studio Solution File, Format Version 12.00
# Visual Studio Version 17
VisualStudioVersion = 17.5.33502.453
MinimumVisualStudioVersion = 10.0.40219.1
Project("{8BC9CEB8-8B4A-11D0-8D11-00A0C91BC942}") = "12강과제2번", "12강과제2번\12강과제2번.vcxproj", "{981D1526-F54C-49F0-8EC2-F36C2B47B597}"
EndProject
Global
	GlobalSection(SolutionConfigurationPlatforms) = preSolution
		Debug|x64 = Debug|x64
		Debug|x86 = Debug|x86
		Release|x64 = Release|x64
		Release|x86 = Release|x86
	EndGlobalSection
	GlobalSection(ProjectConfigurationPlatforms) = postSolution
		{981D1526-F54C-49F0-8EC2-F36C2B47B597}.Debug|x64.ActiveCfg = Debug|x64
		{981D1526-F54C-49F0-8EC2-F36C2B47B597}.Debug|x64.Build.0 = Debug|x64
		{981D1526-F54C-49F0-8EC2-F36C2B47B597}.Debug|x86.ActiveCfg = Debug|Win32
		{981D1526-F54C-49F0-8EC2-F36C2B47B597}.Debug|x86.Build.0 = Debug|Win32
		{981D1526-F54C-49F0-8EC2-F36C2B47B597}.Release|x64.ActiveCfg = Release|x64
		{981D1526-F54C-49F0-8EC2-F36C2B47B597}.Release|x64.Build.0 = Release|x64
		{981D1526-F54C-49F0-8EC2-F36C2B47B597}.Release|x86.ActiveCfg = Release|Win32
		{981D1526-F54C-49F0-8EC2-F36C2B47B597}.Release|x86.Build.0 = Release|Win32
	EndGlobalSection
	GlobalSection(SolutionProperties) = preSolution
		HideSolutionNode = FALSE
	EndGlobalSection
	GlobalSection(ExtensibilityGlobals) = postSolution
		SolutionGuid = {FB9B837E-059D-4952-815E-08B7630CE33F}
	EndGlobalSection
EndGlobal
