
Microsoft Visual Studio Solution File, Format Version 12.00
# Visual Studio Version 17
VisualStudioVersion = 17.5.33530.505
MinimumVisualStudioVersion = 10.0.40219.1
Project("{8BC9CEB8-8B4A-11D0-8D11-00A0C91BC942}") = "12강과제1번(2)", "12강과제1번(2)\12강과제1번(2).vcxproj", "{E873DD27-3B6B-4007-9F95-9034DE4766CF}"
EndProject
Global
	GlobalSection(SolutionConfigurationPlatforms) = preSolution
		Debug|x64 = Debug|x64
		Debug|x86 = Debug|x86
		Release|x64 = Release|x64
		Release|x86 = Release|x86
	EndGlobalSection
	GlobalSection(ProjectConfigurationPlatforms) = postSolution
		{E873DD27-3B6B-4007-9F95-9034DE4766CF}.Debug|x64.ActiveCfg = Debug|x64
		{E873DD27-3B6B-4007-9F95-9034DE4766CF}.Debug|x64.Build.0 = Debug|x64
		{E873DD27-3B6B-4007-9F95-9034DE4766CF}.Debug|x86.ActiveCfg = Debug|Win32
		{E873DD27-3B6B-4007-9F95-9034DE4766CF}.Debug|x86.Build.0 = Debug|Win32
		{E873DD27-3B6B-4007-9F95-9034DE4766CF}.Release|x64.ActiveCfg = Release|x64
		{E873DD27-3B6B-4007-9F95-9034DE4766CF}.Release|x64.Build.0 = Release|x64
		{E873DD27-3B6B-4007-9F95-9034DE4766CF}.Release|x86.ActiveCfg = Release|Win32
		{E873DD27-3B6B-4007-9F95-9034DE4766CF}.Release|x86.Build.0 = Release|Win32
	EndGlobalSection
	GlobalSection(SolutionProperties) = preSolution
		HideSolutionNode = FALSE
	EndGlobalSection
	GlobalSection(ExtensibilityGlobals) = postSolution
		SolutionGuid = {72514586-638B-4326-8954-56FC3F6CAF56}
	EndGlobalSection
EndGlobal
